
Microsoft Visual Studio Solution File, Format Version 12.00
# Visual Studio Version 17
VisualStudioVersion = 17.14.36202.13
MinimumVisualStudioVersion = 10.0.40219.1
Project("{FAE04EC0-301F-11D3-BF4B-00C04F79EFBC}") = "Admin Record Management System", "Admin Record Management System\Admin Record Management System.csproj", "{26851E4D-5934-4D97-BFD5-E1DCE4C493D9}"
EndProject
Project("{FAE04EC0-301F-11D3-BF4B-00C04F79EFBC}") = "Student Record Management System", "Student Record Management System\Student Record Management System.csproj", "{136D32ED-8882-4CFE-9188-EF1FF4F8BAA7}"
EndProject
Project("{FAE04EC0-301F-11D3-BF4B-00C04F79EFBC}") = "SAS Record Management System.Domain", "SAS Record Management System.Domain\SAS Record Management System.Domain.csproj", "{68256C30-0AA7-46FC-8104-64376DA66DB7}"
EndProject
Project("{FAE04EC0-301F-11D3-BF4B-00C04F79EFBC}") = "SAS Record Management System.Application", "SAS Record Management System.Application\SAS Record Management System.Application.csproj", "{49B57FFD-CAD4-4B35-AB32-CC00B5645F5A}"
EndProject
Project("{FAE04EC0-301F-11D3-BF4B-00C04F79EFBC}") = "SAS Record Management System.Infrastructure", "SAS Record Management System.Infrastructure\SAS Record Management System.Infrastructure.csproj", "{01713475-C1FC-4E77-9839-5383E6D5ACE8}"
EndProject
Global
	GlobalSection(SolutionConfigurationPlatforms) = preSolution
		Debug|Any CPU = Debug|Any CPU
		Release|Any CPU = Release|Any CPU
	EndGlobalSection
	GlobalSection(ProjectConfigurationPlatforms) = postSolution
		{26851E4D-5934-4D97-BFD5-E1DCE4C493D9}.Debug|Any CPU.ActiveCfg = Debug|Any CPU
		{26851E4D-5934-4D97-BFD5-E1DCE4C493D9}.Debug|Any CPU.Build.0 = Debug|Any CPU
		{26851E4D-5934-4D97-BFD5-E1DCE4C493D9}.Release|Any CPU.ActiveCfg = Release|Any CPU
		{26851E4D-5934-4D97-BFD5-E1DCE4C493D9}.Release|Any CPU.Build.0 = Release|Any CPU
		{136D32ED-8882-4CFE-9188-EF1FF4F8BAA7}.Debug|Any CPU.ActiveCfg = Debug|Any CPU
		{136D32ED-8882-4CFE-9188-EF1FF4F8BAA7}.Debug|Any CPU.Build.0 = Debug|Any CPU
		{136D32ED-8882-4CFE-9188-EF1FF4F8BAA7}.Release|Any CPU.ActiveCfg = Release|Any CPU
		{136D32ED-8882-4CFE-9188-EF1FF4F8BAA7}.Release|Any CPU.Build.0 = Release|Any CPU
		{68256C30-0AA7-46FC-8104-64376DA66DB7}.Debug|Any CPU.ActiveCfg = Debug|Any CPU
		{68256C30-0AA7-46FC-8104-64376DA66DB7}.Debug|Any CPU.Build.0 = Debug|Any CPU
		{68256C30-0AA7-46FC-8104-64376DA66DB7}.Release|Any CPU.ActiveCfg = Release|Any CPU
		{68256C30-0AA7-46FC-8104-64376DA66DB7}.Release|Any CPU.Build.0 = Release|Any CPU
		{49B57FFD-CAD4-4B35-AB32-CC00B5645F5A}.Debug|Any CPU.ActiveCfg = Debug|Any CPU
		{49B57FFD-CAD4-4B35-AB32-CC00B5645F5A}.Debug|Any CPU.Build.0 = Debug|Any CPU
		{49B57FFD-CAD4-4B35-AB32-CC00B5645F5A}.Release|Any CPU.ActiveCfg = Release|Any CPU
		{49B57FFD-CAD4-4B35-AB32-CC00B5645F5A}.Release|Any CPU.Build.0 = Release|Any CPU
		{01713475-C1FC-4E77-9839-5383E6D5ACE8}.Debug|Any CPU.ActiveCfg = Debug|Any CPU
		{01713475-C1FC-4E77-9839-5383E6D5ACE8}.Debug|Any CPU.Build.0 = Debug|Any CPU
		{01713475-C1FC-4E77-9839-5383E6D5ACE8}.Release|Any CPU.ActiveCfg = Release|Any CPU
		{01713475-C1FC-4E77-9839-5383E6D5ACE8}.Release|Any CPU.Build.0 = Release|Any CPU
	EndGlobalSection
	GlobalSection(SolutionProperties) = preSolution
		HideSolutionNode = FALSE
	EndGlobalSection
	GlobalSection(ExtensibilityGlobals) = postSolution
		SolutionGuid = {D3D83899-8C89-4077-AFFD-9286399A0579}
	EndGlobalSection
EndGlobal
